{
    "name": "saxonica-issue-5021",
    "version": "0.0.1",
    "lockfileVersion": 2,
    "requires": true,
    "packages": {
        "": {
            "version": "0.0.1",
            "license": "MIT",
            "dependencies": {
                "saxon-js": "^2.2.0"
            },
            "devDependencies": {
                "fs-extra": "^10.0.0",
                "xslt3": "^2.2.0"
            }
        },
        "node_modules/axios": {
            "version": "0.21.1",
            "resolved": "https://registry.npmjs.org/axios/-/axios-0.21.1.tgz",
            "integrity": "sha512-dKQiRHxGD9PPRIUNIWvZhPTPpl1rf/OxTYKsqKUDjBwYylTvV7SjSHJb9ratfyzM6wCdLCOYLzs73qpg5c4iGA==",
            "dependencies": {
                "follow-redirects": "^1.10.0"
            }
        },
        "node_modules/follow-redirects": {
            "version": "1.14.1",
            "resolved": "https://registry.npmjs.org/follow-redirects/-/follow-redirects-1.14.1.tgz",
            "integrity": "sha512-HWqDgT7ZEkqRzBvc2s64vSZ/hfOceEol3ac/7tKwzuvEyWx3/4UegXh5oBOIotkGsObyk3xznnSRVADBgWSQVg==",
            "funding": [
                {
                    "type": "individual",
                    "url": "https://github.com/sponsors/RubenVerborgh"
                }
            ],
            "engines": {
                "node": ">=4.0"
            },
            "peerDependenciesMeta": {
                "debug": {
                    "optional": true
                }
            }
        },
        "node_modules/fs-extra": {
            "version": "10.0.0",
            "resolved": "https://registry.npmjs.org/fs-extra/-/fs-extra-10.0.0.tgz",
            "integrity": "sha512-C5owb14u9eJwizKGdchcDUQeFtlSHHthBk8pbX9Vc1PFZrLombudjDnNns88aYslCyF6IY5SUw3Roz6xShcEIQ==",
            "dev": true,
            "dependencies": {
                "graceful-fs": "^4.2.0",
                "jsonfile": "^6.0.1",
                "universalify": "^2.0.0"
            },
            "engines": {
                "node": ">=12"
            }
        },
        "node_modules/graceful-fs": {
            "version": "4.2.6",
            "resolved": "https://registry.npmjs.org/graceful-fs/-/graceful-fs-4.2.6.tgz",
            "integrity": "sha512-nTnJ528pbqxYanhpDYsi4Rd8MAeaBA67+RZ10CM1m3bTAVFEDcd5AuA4a6W5YkGZ1iNXHzZz8T6TBKLeBuNriQ==",
            "dev": true
        },
        "node_modules/jsonfile": {
            "version": "6.1.0",
            "resolved": "https://registry.npmjs.org/jsonfile/-/jsonfile-6.1.0.tgz",
            "integrity": "sha512-5dgndWOriYSm5cnYaJNhalLNDKOqFwyDB/rr1E9ZsGciGvKPs8R2xYGCacuf3z6K1YKDz182fd+fY3cn3pMqXQ==",
            "dev": true,
            "dependencies": {
                "universalify": "^2.0.0"
            },
            "optionalDependencies": {
                "graceful-fs": "^4.1.6"
            }
        },
        "node_modules/saxon-js": {
            "version": "2.2.0",
            "resolved": "https://registry.npmjs.org/saxon-js/-/saxon-js-2.2.0.tgz",
            "integrity": "sha512-9VA98ezKLys7X3ecQVoEfjXXxk9He+1tmrQtKlfAvtA0g6vrdt2TxRvqkDpm0zQiw+9roJMGtMti31JHN57ZSg==",
            "dependencies": {
                "axios": "^0.21.1"
            }
        },
        "node_modules/universalify": {
            "version": "2.0.0",
            "resolved": "https://registry.npmjs.org/universalify/-/universalify-2.0.0.tgz",
            "integrity": "sha512-hAZsKq7Yy11Zu1DE0OzWjw7nnLZmJZYTDZZyEFHZdUhV8FkH5MCfoU1XMaxXovpyW5nq5scPqq0ZDP9Zyl04oQ==",
            "dev": true,
            "engines": {
                "node": ">= 10.0.0"
            }
        },
        "node_modules/xslt3": {
            "version": "2.2.0",
            "resolved": "https://registry.npmjs.org/xslt3/-/xslt3-2.2.0.tgz",
            "integrity": "sha512-kbsAgapVZ2aGw8Fp/PrL9/RExvD/zuq9gNyisMqSnYYXIProPdCd/NBwBwMF+/5y4Oiw91OGjx6iW5zk7iYWMQ==",
            "dev": true,
            "dependencies": {
                "axios": "^0.21.1",
                "saxon-js": "^2.2.0"
            },
            "bin": {
                "xslt3": "xslt3.js"
            }
        }
    },
    "dependencies": {
        "axios": {
            "version": "0.21.1",
            "resolved": "https://registry.npmjs.org/axios/-/axios-0.21.1.tgz",
            "integrity": "sha512-dKQiRHxGD9PPRIUNIWvZhPTPpl1rf/OxTYKsqKUDjBwYylTvV7SjSHJb9ratfyzM6wCdLCOYLzs73qpg5c4iGA==",
            "requires": {
                "follow-redirects": "^1.10.0"
            }
        },
        "follow-redirects": {
            "version": "1.14.1",
            "resolved": "https://registry.npmjs.org/follow-redirects/-/follow-redirects-1.14.1.tgz",
            "integrity": "sha512-HWqDgT7ZEkqRzBvc2s64vSZ/hfOceEol3ac/7tKwzuvEyWx3/4UegXh5oBOIotkGsObyk3xznnSRVADBgWSQVg=="
        },
        "fs-extra": {
            "version": "10.0.0",
            "resolved": "https://registry.npmjs.org/fs-extra/-/fs-extra-10.0.0.tgz",
            "integrity": "sha512-C5owb14u9eJwizKGdchcDUQeFtlSHHthBk8pbX9Vc1PFZrLombudjDnNns88aYslCyF6IY5SUw3Roz6xShcEIQ==",
            "dev": true,
            "requires": {
                "graceful-fs": "^4.2.0",
                "jsonfile": "^6.0.1",
                "universalify": "^2.0.0"
            }
        },
        "graceful-fs": {
            "version": "4.2.6",
            "resolved": "https://registry.npmjs.org/graceful-fs/-/graceful-fs-4.2.6.tgz",
            "integrity": "sha512-nTnJ528pbqxYanhpDYsi4Rd8MAeaBA67+RZ10CM1m3bTAVFEDcd5AuA4a6W5YkGZ1iNXHzZz8T6TBKLeBuNriQ==",
            "dev": true
        },
        "jsonfile": {
            "version": "6.1.0",
            "resolved": "https://registry.npmjs.org/jsonfile/-/jsonfile-6.1.0.tgz",
            "integrity": "sha512-5dgndWOriYSm5cnYaJNhalLNDKOqFwyDB/rr1E9ZsGciGvKPs8R2xYGCacuf3z6K1YKDz182fd+fY3cn3pMqXQ==",
            "dev": true,
            "requires": {
                "graceful-fs": "^4.1.6",
                "universalify": "^2.0.0"
            }
        },
        "saxon-js": {
            "version": "2.2.0",
            "resolved": "https://registry.npmjs.org/saxon-js/-/saxon-js-2.2.0.tgz",
            "integrity": "sha512-9VA98ezKLys7X3ecQVoEfjXXxk9He+1tmrQtKlfAvtA0g6vrdt2TxRvqkDpm0zQiw+9roJMGtMti31JHN57ZSg==",
            "requires": {
                "axios": "^0.21.1"
            }
        },
        "universalify": {
            "version": "2.0.0",
            "resolved": "https://registry.npmjs.org/universalify/-/universalify-2.0.0.tgz",
            "integrity": "sha512-hAZsKq7Yy11Zu1DE0OzWjw7nnLZmJZYTDZZyEFHZdUhV8FkH5MCfoU1XMaxXovpyW5nq5scPqq0ZDP9Zyl04oQ==",
            "dev": true
        },
        "xslt3": {
            "version": "2.2.0",
            "resolved": "https://registry.npmjs.org/xslt3/-/xslt3-2.2.0.tgz",
            "integrity": "sha512-kbsAgapVZ2aGw8Fp/PrL9/RExvD/zuq9gNyisMqSnYYXIProPdCd/NBwBwMF+/5y4Oiw91OGjx6iW5zk7iYWMQ==",
            "dev": true,
            "requires": {
                "axios": "^0.21.1",
                "saxon-js": "^2.2.0"
            }
        }
    }
}
